
Microsoft Visual Studio Solution File, Format Version 12.00
# Visual Studio Version 16
VisualStudioVersion = 16.0.29306.81
MinimumVisualStudioVersion = 10.0.40219.1
Project("{9A19103F-16F7-4668-BE54-9A1E7A4F7556}") = "dotnetsheff.Api.FunctionalTests", "tests\dotnetsheff.Api.FunctionalTests\dotnetsheff.Api.FunctionalTests.csproj", "{DEFEA581-F2A3-45A6-8DE3-41C83D01F63C}"
EndProject
Project("{9A19103F-16F7-4668-BE54-9A1E7A4F7556}") = "dotnetsheff.Api.Tests", "tests\dotnetsheff.Api.Tests\dotnetsheff.Api.Tests.csproj", "{8BCFBC6D-FB63-4FD0-BC5C-05C08EC9DFE0}"
EndProject
Project("{9A19103F-16F7-4668-BE54-9A1E7A4F7556}") = "dotnetsheff.Api", "src\dotnetsheff.Api\dotnetsheff.Api.csproj", "{501F3BBC-D18A-40A6-8F2D-263AFCDBA1C2}"
EndProject
Global
	GlobalSection(SolutionConfigurationPlatforms) = preSolution
		Debug|Any CPU = Debug|Any CPU
		Release|Any CPU = Release|Any CPU
	EndGlobalSection
	GlobalSection(ProjectConfigurationPlatforms) = postSolution
		{DEFEA581-F2A3-45A6-8DE3-41C83D01F63C}.Debug|Any CPU.ActiveCfg = Debug|Any CPU
		{DEFEA581-F2A3-45A6-8DE3-41C83D01F63C}.Debug|Any CPU.Build.0 = Debug|Any CPU
		{DEFEA581-F2A3-45A6-8DE3-41C83D01F63C}.Release|Any CPU.ActiveCfg = Release|Any CPU
		{DEFEA581-F2A3-45A6-8DE3-41C83D01F63C}.Release|Any CPU.Build.0 = Release|Any CPU
		{8BCFBC6D-FB63-4FD0-BC5C-05C08EC9DFE0}.Debug|Any CPU.ActiveCfg = Debug|Any CPU
		{8BCFBC6D-FB63-4FD0-BC5C-05C08EC9DFE0}.Debug|Any CPU.Build.0 = Debug|Any CPU
		{8BCFBC6D-FB63-4FD0-BC5C-05C08EC9DFE0}.Release|Any CPU.ActiveCfg = Release|Any CPU
		{8BCFBC6D-FB63-4FD0-BC5C-05C08EC9DFE0}.Release|Any CPU.Build.0 = Release|Any CPU
		{501F3BBC-D18A-40A6-8F2D-263AFCDBA1C2}.Debug|Any CPU.ActiveCfg = Debug|Any CPU
		{501F3BBC-D18A-40A6-8F2D-263AFCDBA1C2}.Debug|Any CPU.Build.0 = Debug|Any CPU
		{501F3BBC-D18A-40A6-8F2D-263AFCDBA1C2}.Release|Any CPU.ActiveCfg = Release|Any CPU
		{501F3BBC-D18A-40A6-8F2D-263AFCDBA1C2}.Release|Any CPU.Build.0 = Release|Any CPU
	EndGlobalSection
	GlobalSection(SolutionProperties) = preSolution
		HideSolutionNode = FALSE
	EndGlobalSection
	GlobalSection(ExtensibilityGlobals) = postSolution
		SolutionGuid = {D9CB2854-E431-4C85-B205-E7E7048F2357}
	EndGlobalSection
EndGlobal
